{
  "nodes": {
    "agenix": {
      "inputs": {
        "nixpkgs": [
          "nixpkgs"
        ]
      },
      "locked": {
        "lastModified": 1652712410,
        "narHash": "sha256-hMJ2TqLt0DleEnQFGUHK9sV2aAzJPU8pZeiZoqRozbE=",
        "owner": "ryantm",
        "repo": "agenix",
        "rev": "7e5e58b98c3dcbf497543ff6f22591552ebfe65b",
        "type": "github"
      },
      "original": {
        "owner": "ryantm",
        "repo": "agenix",
        "type": "github"
      }
    },
    "emacs-overlay": {
      "inputs": {
        "flake-utils": "flake-utils",
        "nixpkgs": "nixpkgs"
      },
      "locked": {
        "lastModified": 1659205090,
        "narHash": "sha256-/cOX0Fze8nKfayE5FACX3BAUWvdbo3fSfTZjYEKWq0s=",
        "owner": "nix-community",
        "repo": "emacs-overlay",
        "rev": "697a2c5f0a4958d383be0e4067f44cffe8af9a8a",
        "type": "github"
      },
      "original": {
        "owner": "nix-community",
        "repo": "emacs-overlay",
        "type": "github"
      }
    },
    "flake-utils": {
      "locked": {
        "lastModified": 1656928814,
        "narHash": "sha256-RIFfgBuKz6Hp89yRr7+NR5tzIAbn52h8vT6vXkYjZoM=",
        "owner": "numtide",
        "repo": "flake-utils",
        "rev": "7e2a3b3dfd9af950a856d66b0a7d01e3c18aa249",
        "type": "github"
      },
      "original": {
        "owner": "numtide",
        "repo": "flake-utils",
        "type": "github"
      }
    },
    "home-manager": {
      "inputs": {
        "nixpkgs": [
          "nixpkgs"
        ],
        "utils": "utils"
      },
      "locked": {
        "lastModified": 1658924727,
        "narHash": "sha256-Fhh9FK9CvuCLxG1WkWJPoendDeXKI4gHYTfezo1n2Zg=",
        "owner": "rycee",
        "repo": "home-manager",
        "rev": "0e2f7876d2f2ae98a67d89a8bef8c49332aae5af",
        "type": "github"
      },
      "original": {
        "owner": "rycee",
        "ref": "master",
        "repo": "home-manager",
        "type": "github"
      }
    },
    "nixos-hardware": {
      "locked": {
        "lastModified": 1658401027,
        "narHash": "sha256-z/sDfzsFOoWNO9nZGfxDCNjHqXvSVZLDBDSgzr9qDXE=",
        "owner": "nixos",
        "repo": "nixos-hardware",
        "rev": "83009edccc2e24afe3d0165ed98b60ff7471a5f8",
        "type": "github"
      },
      "original": {
        "owner": "nixos",
        "repo": "nixos-hardware",
        "type": "github"
      }
    },
    "nixpkgs": {
      "locked": {
        "lastModified": 0,
        "narHash": "sha256-P0XIHBVty6WIuIrk2DZNvLcYev9956y1prT4zL212H8=",
        "path": "/nix/store/1ha33ma070pyxw5kkcx61qi7ypzzxzah-source",
        "type": "path"
      },
      "original": {
        "id": "nixpkgs",
        "type": "indirect"
      }
    },
    "nixpkgs-unstable": {
      "locked": {
        "lastModified": 1659130785,
        "narHash": "sha256-p1VdDKZkYFX7SHWugkX6w+Z5+ZIyhcOg3bY1PXd4iEw=",
        "owner": "NixOS",
        "repo": "nixpkgs",
        "rev": "093ecc5f3e3ab883ef71c9cd3c5f04495bbf56ac",
        "type": "github"
      },
      "original": {
        "id": "nixpkgs",
        "ref": "nixpkgs-unstable",
        "type": "indirect"
      }
    },
    "nixpkgs_2": {
      "locked": {
        "lastModified": 1659077768,
        "narHash": "sha256-P0XIHBVty6WIuIrk2DZNvLcYev9956y1prT4zL212H8=",
        "owner": "NixOS",
        "repo": "nixpkgs",
        "rev": "2a93ea177c3d7700b934bf95adfe00c435f696b8",
        "type": "github"
      },
      "original": {
        "id": "nixpkgs",
        "ref": "nixos-unstable",
        "type": "indirect"
      }
    },
    "root": {
      "inputs": {
        "agenix": "agenix",
        "emacs-overlay": "emacs-overlay",
        "home-manager": "home-manager",
        "nixos-hardware": "nixos-hardware",
        "nixpkgs": "nixpkgs_2",
        "nixpkgs-unstable": "nixpkgs-unstable"
      }
    },
    "utils": {
      "locked": {
        "lastModified": 1653893745,
        "narHash": "sha256-0jntwV3Z8//YwuOjzhV2sgJJPt+HY6KhU7VZUL0fKZQ=",
        "owner": "numtide",
        "repo": "flake-utils",
        "rev": "1ed9fb1935d260de5fe1c2f7ee0ebaae17ed2fa1",
        "type": "github"
      },
      "original": {
        "owner": "numtide",
        "repo": "flake-utils",
        "type": "github"
      }
    }
  },
  "root": "root",
  "version": 7
}
